
Microsoft Visual Studio Solution File, Format Version 12.00
# Visual Studio Version 16
VisualStudioVersion = 16.0.31025.194
MinimumVisualStudioVersion = 10.0.40219.1
Project("{FAE04EC0-301F-11D3-BF4B-00C04F79EFBC}") = "Utilitive", "Utilitive\Utilitive.csproj", "{8F47ABF1-953B-4392-B479-B775854FC363}"
EndProject
Project("{FAE04EC0-301F-11D3-BF4B-00C04F79EFBC}") = "Utilitive.Tests", "Utilitive.Tests\Utilitive.Tests.csproj", "{435623D0-35F6-44B4-B883-7C59355F1F49}"
EndProject
Global
	GlobalSection(SolutionConfigurationPlatforms) = preSolution
		Debug|Any CPU = Debug|Any CPU
		Release|Any CPU = Release|Any CPU
	EndGlobalSection
	GlobalSection(ProjectConfigurationPlatforms) = postSolution
		{8F47ABF1-953B-4392-B479-B775854FC363}.Debug|Any CPU.ActiveCfg = Debug|Any CPU
		{8F47ABF1-953B-4392-B479-B775854FC363}.Debug|Any CPU.Build.0 = Debug|Any CPU
		{8F47ABF1-953B-4392-B479-B775854FC363}.Release|Any CPU.ActiveCfg = Release|Any CPU
		{8F47ABF1-953B-4392-B479-B775854FC363}.Release|Any CPU.Build.0 = Release|Any CPU
		{435623D0-35F6-44B4-B883-7C59355F1F49}.Debug|Any CPU.ActiveCfg = Debug|Any CPU
		{435623D0-35F6-44B4-B883-7C59355F1F49}.Debug|Any CPU.Build.0 = Debug|Any CPU
		{435623D0-35F6-44B4-B883-7C59355F1F49}.Release|Any CPU.ActiveCfg = Release|Any CPU
		{435623D0-35F6-44B4-B883-7C59355F1F49}.Release|Any CPU.Build.0 = Release|Any CPU
	EndGlobalSection
	GlobalSection(SolutionProperties) = preSolution
		HideSolutionNode = FALSE
	EndGlobalSection
	GlobalSection(ExtensibilityGlobals) = postSolution
		SolutionGuid = {E91744D9-580D-4F22-9635-80E555B6F8B6}
	EndGlobalSection
EndGlobal
